
Microsoft Visual Studio Solution File, Format Version 12.00
# Visual Studio Version 16
VisualStudioVersion = 16.0.30611.23
MinimumVisualStudioVersion = 10.0.40219.1
Project("{FAE04EC0-301F-11D3-BF4B-00C04F79EFBC}") = "ezHotel", "ezHotel\ezHotel.csproj", "{19B8BCA7-5A17-41EA-B017-8CD394B68233}"
EndProject
Project("{FAE04EC0-301F-11D3-BF4B-00C04F79EFBC}") = "ezHotel.Tests", "ezHotel.Tests\ezHotel.Tests.csproj", "{AD1E7B08-46F6-49FD-8A5B-704960145CC7}"
	ProjectSection(ProjectDependencies) = postProject
		{19B8BCA7-5A17-41EA-B017-8CD394B68233} = {19B8BCA7-5A17-41EA-B017-8CD394B68233}
	EndProjectSection
EndProject
Global
	GlobalSection(SolutionConfigurationPlatforms) = preSolution
		Debug|Any CPU = Debug|Any CPU
		Release|Any CPU = Release|Any CPU
	EndGlobalSection
	GlobalSection(ProjectConfigurationPlatforms) = postSolution
		{19B8BCA7-5A17-41EA-B017-8CD394B68233}.Debug|Any CPU.ActiveCfg = Debug|Any CPU
		{19B8BCA7-5A17-41EA-B017-8CD394B68233}.Debug|Any CPU.Build.0 = Debug|Any CPU
		{19B8BCA7-5A17-41EA-B017-8CD394B68233}.Release|Any CPU.ActiveCfg = Release|Any CPU
		{19B8BCA7-5A17-41EA-B017-8CD394B68233}.Release|Any CPU.Build.0 = Release|Any CPU
		{AD1E7B08-46F6-49FD-8A5B-704960145CC7}.Debug|Any CPU.ActiveCfg = Debug|Any CPU
		{AD1E7B08-46F6-49FD-8A5B-704960145CC7}.Debug|Any CPU.Build.0 = Debug|Any CPU
		{AD1E7B08-46F6-49FD-8A5B-704960145CC7}.Release|Any CPU.ActiveCfg = Release|Any CPU
		{AD1E7B08-46F6-49FD-8A5B-704960145CC7}.Release|Any CPU.Build.0 = Release|Any CPU
	EndGlobalSection
	GlobalSection(SolutionProperties) = preSolution
		HideSolutionNode = FALSE
	EndGlobalSection
	GlobalSection(ExtensibilityGlobals) = postSolution
		SolutionGuid = {076F55B4-9A7E-4629-BE79-334AF4CB8847}
	EndGlobalSection
EndGlobal
